<Solution>
  <Folder Name="/Solution Items/">
    <File Path="README.md" />
  </Folder>
  <Project Path="D:/Projects/repos/AmazingMaze/Main/Main.csproj" Id="904d3a25-8872-41f8-9892-7f59e12fbf0c" />
  <Project Path="D:/Projects/repos/AmazingMaze/Model/Model.csproj" Id="88efb3ee-9d9b-4391-814b-cc6f6f5f87de" />
</Solution>
